
Microsoft Visual Studio Solution File, Format Version 12.00
# Visual Studio 15
VisualStudioVersion = 15.0.26730.15
MinimumVisualStudioVersion = 10.0.40219.1
Project("{9A19103F-16F7-4668-BE54-9A1E7A4F7556}") = "Area", "Area\Area.csproj", "{01E232DE-81CF-4D3A-8198-F051C684FD6C}"
EndProject
Project("{FAE04EC0-301F-11D3-BF4B-00C04F79EFBC}") = "AreaTest.Tests", "AreaTest.Tests\AreaTest.Tests.csproj", "{57CEAFF5-610D-4EC6-A8DF-4BB52D05B92D}"
EndProject
Global
	GlobalSection(SolutionConfigurationPlatforms) = preSolution
		Debug|Any CPU = Debug|Any CPU
		Release|Any CPU = Release|Any CPU
	EndGlobalSection
	GlobalSection(ProjectConfigurationPlatforms) = postSolution
		{01E232DE-81CF-4D3A-8198-F051C684FD6C}.Debug|Any CPU.ActiveCfg = Debug|Any CPU
		{01E232DE-81CF-4D3A-8198-F051C684FD6C}.Debug|Any CPU.Build.0 = Debug|Any CPU
		{01E232DE-81CF-4D3A-8198-F051C684FD6C}.Release|Any CPU.ActiveCfg = Release|Any CPU
		{01E232DE-81CF-4D3A-8198-F051C684FD6C}.Release|Any CPU.Build.0 = Release|Any CPU
		{57CEAFF5-610D-4EC6-A8DF-4BB52D05B92D}.Debug|Any CPU.ActiveCfg = Debug|Any CPU
		{57CEAFF5-610D-4EC6-A8DF-4BB52D05B92D}.Debug|Any CPU.Build.0 = Debug|Any CPU
		{57CEAFF5-610D-4EC6-A8DF-4BB52D05B92D}.Release|Any CPU.ActiveCfg = Release|Any CPU
		{57CEAFF5-610D-4EC6-A8DF-4BB52D05B92D}.Release|Any CPU.Build.0 = Release|Any CPU
	EndGlobalSection
	GlobalSection(SolutionProperties) = preSolution
		HideSolutionNode = FALSE
	EndGlobalSection
	GlobalSection(ExtensibilityGlobals) = postSolution
		SolutionGuid = {CEBBA7E6-0F27-4358-8BCB-6828590AE4ED}
	EndGlobalSection
EndGlobal
